// !$*UTF8*$!
{
	archiveVersion = 1;
	classes = {
	};
	objectVersion = 56;
	objects = {

/* Begin PBXBuildFile section */
		3500F2CA2C25A16100B71D59 /* main.swift in Sources */ = {isa = PBXBuildFile; fileRef = 3500F2C92C25A16100B71D59 /* main.swift */; };
		3500F2E22C25A1C200B71D59 /* main.swift in Sources */ = {isa = PBXBuildFile; fileRef = 3500F2E12C25A1C200B71D59 /* main.swift */; };
		359017CA2C2C527100F38074 /* main.swift in Sources */ = {isa = PBXBuildFile; fileRef = 359017C92C2C527100F38074 /* main.swift */; };
		3591EF4D2C2BE19A00D36B87 /* main.swift in Sources */ = {isa = PBXBuildFile; fileRef = 3591EF4C2C2BE19A00D36B87 /* main.swift */; };
/* End PBXBuildFile section */

/* Begin PBXCopyFilesBuildPhase section */
		3500F2C42C25A16100B71D59 /* CopyFiles */ = {
			isa = PBXCopyFilesBuildPhase;
			buildActionMask = 2147483647;
			dstPath = /usr/share/man/man1/;
			dstSubfolderSpec = 0;
			files = (
			);
			runOnlyForDeploymentPostprocessing = 1;
		};
		3500F2D22C25A1B000B71D59 /* CopyFiles */ = {
			isa = PBXCopyFilesBuildPhase;
			buildActionMask = 2147483647;
			dstPath = /usr/share/man/man1/;
			dstSubfolderSpec = 0;
			files = (
			);
			runOnlyForDeploymentPostprocessing = 1;
		};
		3500F2DD2C25A1C200B71D59 /* CopyFiles */ = {
			isa = PBXCopyFilesBuildPhase;
			buildActionMask = 2147483647;
			dstPath = /usr/share/man/man1/;
			dstSubfolderSpec = 0;
			files = (
			);
			runOnlyForDeploymentPostprocessing = 1;
		};
		359017C52C2C527000F38074 /* CopyFiles */ = {
			isa = PBXCopyFilesBuildPhase;
			buildActionMask = 2147483647;
			dstPath = /usr/share/man/man1/;
			dstSubfolderSpec = 0;
			files = (
			);
			runOnlyForDeploymentPostprocessing = 1;
		};
		3591EF482C2BE19A00D36B87 /* CopyFiles */ = {
			isa = PBXCopyFilesBuildPhase;
			buildActionMask = 2147483647;
			dstPath = /usr/share/man/man1/;
			dstSubfolderSpec = 0;
			files = (
			);
			runOnlyForDeploymentPostprocessing = 1;
		};
/* End PBXCopyFilesBuildPhase section */

/* Begin PBXFileReference section */
		3500F2C62C25A16100B71D59 /* B20-LiveBeispiele */ = {isa = PBXFileReference; explicitFileType = "compiled.mach-o.executable"; includeInIndex = 0; path = "B20-LiveBeispiele"; sourceTree = BUILT_PRODUCTS_DIR; };
		3500F2C92C25A16100B71D59 /* main.swift */ = {isa = PBXFileReference; lastKnownFileType = sourcecode.swift; path = main.swift; sourceTree = "<group>"; };
		3500F2D42C25A1B000B71D59 /* Woche01 */ = {isa = PBXFileReference; explicitFileType = "compiled.mach-o.executable"; includeInIndex = 0; path = Woche01; sourceTree = BUILT_PRODUCTS_DIR; };
		3500F2DF2C25A1C200B71D59 /* Tag02 */ = {isa = PBXFileReference; explicitFileType = "compiled.mach-o.executable"; includeInIndex = 0; path = Tag02; sourceTree = BUILT_PRODUCTS_DIR; };
		3500F2E12C25A1C200B71D59 /* main.swift */ = {isa = PBXFileReference; lastKnownFileType = sourcecode.swift; path = main.swift; sourceTree = "<group>"; };
		359017C72C2C527000F38074 /* Tag04 */ = {isa = PBXFileReference; explicitFileType = "compiled.mach-o.executable"; includeInIndex = 0; path = Tag04; sourceTree = BUILT_PRODUCTS_DIR; };
		359017C92C2C527100F38074 /* main.swift */ = {isa = PBXFileReference; lastKnownFileType = sourcecode.swift; path = main.swift; sourceTree = "<group>"; };
		3591EF4A2C2BE19A00D36B87 /* Tag03 */ = {isa = PBXFileReference; explicitFileType = "compiled.mach-o.executable"; includeInIndex = 0; path = Tag03; sourceTree = BUILT_PRODUCTS_DIR; };
		3591EF4C2C2BE19A00D36B87 /* main.swift */ = {isa = PBXFileReference; lastKnownFileType = sourcecode.swift; path = main.swift; sourceTree = "<group>"; };
/* End PBXFileReference section */

/* Begin PBXFrameworksBuildPhase section */
		3500F2C32C25A16100B71D59 /* Frameworks */ = {
			isa = PBXFrameworksBuildPhase;
			buildActionMask = 2147483647;
			files = (
			);
			runOnlyForDeploymentPostprocessing = 0;
		};
		3500F2D12C25A1B000B71D59 /* Frameworks */ = {
			isa = PBXFrameworksBuildPhase;
			buildActionMask = 2147483647;
			files = (
			);
			runOnlyForDeploymentPostprocessing = 0;
		};
		3500F2DC2C25A1C200B71D59 /* Frameworks */ = {
			isa = PBXFrameworksBuildPhase;
			buildActionMask = 2147483647;
			files = (
			);
			runOnlyForDeploymentPostprocessing = 0;
		};
		359017C42C2C527000F38074 /* Frameworks */ = {
			isa = PBXFrameworksBuildPhase;
			buildActionMask = 2147483647;
			files = (
			);
			runOnlyForDeploymentPostprocessing = 0;
		};
		3591EF472C2BE19A00D36B87 /* Frameworks */ = {
			isa = PBXFrameworksBuildPhase;
			buildActionMask = 2147483647;
			files = (
			);
			runOnlyForDeploymentPostprocessing = 0;
		};
/* End PBXFrameworksBuildPhase section */

/* Begin PBXGroup section */
		3500F2BD2C25A16100B71D59 = {
			isa = PBXGroup;
			children = (
				3500F2C82C25A16100B71D59 /* B20-LiveBeispiele */,
				3500F2C72C25A16100B71D59 /* Products */,
			);
			sourceTree = "<group>";
		};
		3500F2C72C25A16100B71D59 /* Products */ = {
			isa = PBXGroup;
			children = (
				3500F2C62C25A16100B71D59 /* B20-LiveBeispiele */,
				3500F2D42C25A1B000B71D59 /* Woche01 */,
				3500F2DF2C25A1C200B71D59 /* Tag02 */,
				3591EF4A2C2BE19A00D36B87 /* Tag03 */,
				359017C72C2C527000F38074 /* Tag04 */,
			);
			name = Products;
			sourceTree = "<group>";
		};
		3500F2C82C25A16100B71D59 /* B20-LiveBeispiele */ = {
			isa = PBXGroup;
			children = (
				3500F2D52C25A1B000B71D59 /* Woche01 */,
				3500F2C92C25A16100B71D59 /* main.swift */,
			);
			path = "B20-LiveBeispiele";
			sourceTree = "<group>";
		};
		3500F2D52C25A1B000B71D59 /* Woche01 */ = {
			isa = PBXGroup;
			children = (
				3500F2E02C25A1C200B71D59 /* Tag02 */,
				3591EF4B2C2BE19A00D36B87 /* Tag03 */,
				359017C82C2C527100F38074 /* Tag04 */,
			);
			path = Woche01;
			sourceTree = "<group>";
		};
		3500F2E02C25A1C200B71D59 /* Tag02 */ = {
			isa = PBXGroup;
			children = (
				3500F2E12C25A1C200B71D59 /* main.swift */,
			);
			path = Tag02;
			sourceTree = "<group>";
		};
		359017C82C2C527100F38074 /* Tag04 */ = {
			isa = PBXGroup;
			children = (
				359017C92C2C527100F38074 /* main.swift */,
			);
			path = Tag04;
			sourceTree = "<group>";
		};
		3591EF4B2C2BE19A00D36B87 /* Tag03 */ = {
			isa = PBXGroup;
			children = (
				3591EF4C2C2BE19A00D36B87 /* main.swift */,
			);
			path = Tag03;
			sourceTree = "<group>";
		};
/* End PBXGroup section */

/* Begin PBXNativeTarget section */
		3500F2C52C25A16100B71D59 /* B20-LiveBeispiele */ = {
			isa = PBXNativeTarget;
			buildConfigurationList = 3500F2CD2C25A16100B71D59 /* Build configuration list for PBXNativeTarget "B20-LiveBeispiele" */;
			buildPhases = (
				3500F2C22C25A16100B71D59 /* Sources */,
				3500F2C32C25A16100B71D59 /* Frameworks */,
				3500F2C42C25A16100B71D59 /* CopyFiles */,
			);
			buildRules = (
			);
			dependencies = (
			);
			name = "B20-LiveBeispiele";
			productName = "B20-LiveBeispiele";
			productReference = 3500F2C62C25A16100B71D59 /* B20-LiveBeispiele */;
			productType = "com.apple.product-type.tool";
		};
		3500F2D32C25A1B000B71D59 /* Woche01 */ = {
			isa = PBXNativeTarget;
			buildConfigurationList = 3500F2D82C25A1B000B71D59 /* Build configuration list for PBXNativeTarget "Woche01" */;
			buildPhases = (
				3500F2D02C25A1B000B71D59 /* Sources */,
				3500F2D12C25A1B000B71D59 /* Frameworks */,
				3500F2D22C25A1B000B71D59 /* CopyFiles */,
			);
			buildRules = (
			);
			dependencies = (
			);
			name = Woche01;
			productName = Woche01;
			productReference = 3500F2D42C25A1B000B71D59 /* Woche01 */;
			productType = "com.apple.product-type.tool";
		};
		3500F2DE2C25A1C200B71D59 /* Tag02 */ = {
			isa = PBXNativeTarget;
			buildConfigurationList = 3500F2E32C25A1C200B71D59 /* Build configuration list for PBXNativeTarget "Tag02" */;
			buildPhases = (
				3500F2DB2C25A1C200B71D59 /* Sources */,
				3500F2DC2C25A1C200B71D59 /* Frameworks */,
				3500F2DD2C25A1C200B71D59 /* CopyFiles */,
			);
			buildRules = (
			);
			dependencies = (
			);
			name = Tag02;
			productName = Tag02;
			productReference = 3500F2DF2C25A1C200B71D59 /* Tag02 */;
			productType = "com.apple.product-type.tool";
		};
		359017C62C2C527000F38074 /* Tag04 */ = {
			isa = PBXNativeTarget;
			buildConfigurationList = 359017CB2C2C527100F38074 /* Build configuration list for PBXNativeTarget "Tag04" */;
			buildPhases = (
				359017C32C2C527000F38074 /* Sources */,
				359017C42C2C527000F38074 /* Frameworks */,
				359017C52C2C527000F38074 /* CopyFiles */,
			);
			buildRules = (
			);
			dependencies = (
			);
			name = Tag04;
			productName = Tag04;
			productReference = 359017C72C2C527000F38074 /* Tag04 */;
			productType = "com.apple.product-type.tool";
		};
		3591EF492C2BE19A00D36B87 /* Tag03 */ = {
			isa = PBXNativeTarget;
			buildConfigurationList = 3591EF4E2C2BE19A00D36B87 /* Build configuration list for PBXNativeTarget "Tag03" */;
			buildPhases = (
				3591EF462C2BE19A00D36B87 /* Sources */,
				3591EF472C2BE19A00D36B87 /* Frameworks */,
				3591EF482C2BE19A00D36B87 /* CopyFiles */,
			);
			buildRules = (
			);
			dependencies = (
			);
			name = Tag03;
			productName = Tag03;
			productReference = 3591EF4A2C2BE19A00D36B87 /* Tag03 */;
			productType = "com.apple.product-type.tool";
		};
/* End PBXNativeTarget section */

/* Begin PBXProject section */
		3500F2BE2C25A16100B71D59 /* Project object */ = {
			isa = PBXProject;
			attributes = {
				BuildIndependentTargetsInParallel = 1;
				LastSwiftUpdateCheck = 1540;
				LastUpgradeCheck = 1540;
				TargetAttributes = {
					3500F2C52C25A16100B71D59 = {
						CreatedOnToolsVersion = 15.4;
					};
					3500F2D32C25A1B000B71D59 = {
						CreatedOnToolsVersion = 15.4;
					};
					3500F2DE2C25A1C200B71D59 = {
						CreatedOnToolsVersion = 15.4;
					};
					359017C62C2C527000F38074 = {
						CreatedOnToolsVersion = 15.4;
					};
					3591EF492C2BE19A00D36B87 = {
						CreatedOnToolsVersion = 15.4;
					};
				};
			};
			buildConfigurationList = 3500F2C12C25A16100B71D59 /* Build configuration list for PBXProject "B20-LiveBeispiele" */;
			compatibilityVersion = "Xcode 14.0";
			developmentRegion = en;
			hasScannedForEncodings = 0;
			knownRegions = (
				en,
				Base,
			);
			mainGroup = 3500F2BD2C25A16100B71D59;
			productRefGroup = 3500F2C72C25A16100B71D59 /* Products */;
			projectDirPath = "";
			projectRoot = "";
			targets = (
				3500F2C52C25A16100B71D59 /* B20-LiveBeispiele */,
				3500F2D32C25A1B000B71D59 /* Woche01 */,
				3500F2DE2C25A1C200B71D59 /* Tag02 */,
				3591EF492C2BE19A00D36B87 /* Tag03 */,
				359017C62C2C527000F38074 /* Tag04 */,
			);
		};
/* End PBXProject section */

/* Begin PBXSourcesBuildPhase section */
		3500F2C22C25A16100B71D59 /* Sources */ = {
			isa = PBXSourcesBuildPhase;
			buildActionMask = 2147483647;
			files = (
				3500F2CA2C25A16100B71D59 /* main.swift in Sources */,
			);
			runOnlyForDeploymentPostprocessing = 0;
		};
		3500F2D02C25A1B000B71D59 /* Sources */ = {
			isa = PBXSourcesBuildPhase;
			buildActionMask = 2147483647;
			files = (
			);
			runOnlyForDeploymentPostprocessing = 0;
		};
		3500F2DB2C25A1C200B71D59 /* Sources */ = {
			isa = PBXSourcesBuildPhase;
			buildActionMask = 2147483647;
			files = (
				3500F2E22C25A1C200B71D59 /* main.swift in Sources */,
			);
			runOnlyForDeploymentPostprocessing = 0;
		};
		359017C32C2C527000F38074 /* Sources */ = {
			isa = PBXSourcesBuildPhase;
			buildActionMask = 2147483647;
			files = (
				359017CA2C2C527100F38074 /* main.swift in Sources */,
			);
			runOnlyForDeploymentPostprocessing = 0;
		};
		3591EF462C2BE19A00D36B87 /* Sources */ = {
			isa = PBXSourcesBuildPhase;
			buildActionMask = 2147483647;
			files = (
				3591EF4D2C2BE19A00D36B87 /* main.swift in Sources */,
			);
			runOnlyForDeploymentPostprocessing = 0;
		};
/* End PBXSourcesBuildPhase section */

/* Begin XCBuildConfiguration section */
		3500F2CB2C25A16100B71D59 /* Debug */ = {
			isa = XCBuildConfiguration;
			buildSettings = {
				ALWAYS_SEARCH_USER_PATHS = NO;
				ASSETCATALOG_COMPILER_GENERATE_SWIFT_ASSET_SYMBOL_EXTENSIONS = YES;
				CLANG_ANALYZER_NONNULL = YES;
				CLANG_ANALYZER_NUMBER_OBJECT_CONVERSION = YES_AGGRESSIVE;
				CLANG_CXX_LANGUAGE_STANDARD = "gnu++20";
				CLANG_ENABLE_MODULES = YES;
				CLANG_ENABLE_OBJC_ARC = YES;
				CLANG_ENABLE_OBJC_WEAK = YES;
				CLANG_WARN_BLOCK_CAPTURE_AUTORELEASING = YES;
				CLANG_WARN_BOOL_CONVERSION = YES;
				CLANG_WARN_COMMA = YES;
				CLANG_WARN_CONSTANT_CONVERSION = YES;
				CLANG_WARN_DEPRECATED_OBJC_IMPLEMENTATIONS = YES;
				CLANG_WARN_DIRECT_OBJC_ISA_USAGE = YES_ERROR;
				CLANG_WARN_DOCUMENTATION_COMMENTS = YES;
				CLANG_WARN_EMPTY_BODY = YES;
				CLANG_WARN_ENUM_CONVERSION = YES;
				CLANG_WARN_INFINITE_RECURSION = YES;
				CLANG_WARN_INT_CONVERSION = YES;
				CLANG_WARN_NON_LITERAL_NULL_CONVERSION = YES;
				CLANG_WARN_OBJC_IMPLICIT_RETAIN_SELF = YES;
				CLANG_WARN_OBJC_LITERAL_CONVERSION = YES;
				CLANG_WARN_OBJC_ROOT_CLASS = YES_ERROR;
				CLANG_WARN_QUOTED_INCLUDE_IN_FRAMEWORK_HEADER = YES;
				CLANG_WARN_RANGE_LOOP_ANALYSIS = YES;
				CLANG_WARN_STRICT_PROTOTYPES = YES;
				CLANG_WARN_SUSPICIOUS_MOVE = YES;
				CLANG_WARN_UNGUARDED_AVAILABILITY = YES_AGGRESSIVE;
				CLANG_WARN_UNREACHABLE_CODE = YES;
				CLANG_WARN__DUPLICATE_METHOD_MATCH = YES;
				COPY_PHASE_STRIP = NO;
				DEBUG_INFORMATION_FORMAT = dwarf;
				ENABLE_STRICT_OBJC_MSGSEND = YES;
				ENABLE_TESTABILITY = YES;
				ENABLE_USER_SCRIPT_SANDBOXING = YES;
				GCC_C_LANGUAGE_STANDARD = gnu17;
				GCC_DYNAMIC_NO_PIC = NO;
				GCC_NO_COMMON_BLOCKS = YES;
				GCC_OPTIMIZATION_LEVEL = 0;
				GCC_PREPROCESSOR_DEFINITIONS = (
					"DEBUG=1",
					"$(inherited)",
				);
				GCC_WARN_64_TO_32_BIT_CONVERSION = YES;
				GCC_WARN_ABOUT_RETURN_TYPE = YES_ERROR;
				GCC_WARN_UNDECLARED_SELECTOR = YES;
				GCC_WARN_UNINITIALIZED_AUTOS = YES_AGGRESSIVE;
				GCC_WARN_UNUSED_FUNCTION = YES;
				GCC_WARN_UNUSED_VARIABLE = YES;
				LOCALIZATION_PREFERS_STRING_CATALOGS = YES;
				MACOSX_DEPLOYMENT_TARGET = 14.1;
				MTL_ENABLE_DEBUG_INFO = INCLUDE_SOURCE;
				MTL_FAST_MATH = YES;
				ONLY_ACTIVE_ARCH = YES;
				SDKROOT = macosx;
				SWIFT_ACTIVE_COMPILATION_CONDITIONS = "DEBUG $(inherited)";
				SWIFT_OPTIMIZATION_LEVEL = "-Onone";
			};
			name = Debug;
		};
		3500F2CC2C25A16100B71D59 /* Release */ = {
			isa = XCBuildConfiguration;
			buildSettings = {
				ALWAYS_SEARCH_USER_PATHS = NO;
				ASSETCATALOG_COMPILER_GENERATE_SWIFT_ASSET_SYMBOL_EXTENSIONS = YES;
				CLANG_ANALYZER_NONNULL = YES;
				CLANG_ANALYZER_NUMBER_OBJECT_CONVERSION = YES_AGGRESSIVE;
				CLANG_CXX_LANGUAGE_STANDARD = "gnu++20";
				CLANG_ENABLE_MODULES = YES;
				CLANG_ENABLE_OBJC_ARC = YES;
				CLANG_ENABLE_OBJC_WEAK = YES;
				CLANG_WARN_BLOCK_CAPTURE_AUTORELEASING = YES;
				CLANG_WARN_BOOL_CONVERSION = YES;
				CLANG_WARN_COMMA = YES;
				CLANG_WARN_CONSTANT_CONVERSION = YES;
				CLANG_WARN_DEPRECATED_OBJC_IMPLEMENTATIONS = YES;
				CLANG_WARN_DIRECT_OBJC_ISA_USAGE = YES_ERROR;
				CLANG_WARN_DOCUMENTATION_COMMENTS = YES;
				CLANG_WARN_EMPTY_BODY = YES;
				CLANG_WARN_ENUM_CONVERSION = YES;
				CLANG_WARN_INFINITE_RECURSION = YES;
				CLANG_WARN_INT_CONVERSION = YES;
				CLANG_WARN_NON_LITERAL_NULL_CONVERSION = YES;
				CLANG_WARN_OBJC_IMPLICIT_RETAIN_SELF = YES;
				CLANG_WARN_OBJC_LITERAL_CONVERSION = YES;
				CLANG_WARN_OBJC_ROOT_CLASS = YES_ERROR;
				CLANG_WARN_QUOTED_INCLUDE_IN_FRAMEWORK_HEADER = YES;
				CLANG_WARN_RANGE_LOOP_ANALYSIS = YES;
				CLANG_WARN_STRICT_PROTOTYPES = YES;
				CLANG_WARN_SUSPICIOUS_MOVE = YES;
				CLANG_WARN_UNGUARDED_AVAILABILITY = YES_AGGRESSIVE;
				CLANG_WARN_UNREACHABLE_CODE = YES;
				CLANG_WARN__DUPLICATE_METHOD_MATCH = YES;
				COPY_PHASE_STRIP = NO;
				DEBUG_INFORMATION_FORMAT = "dwarf-with-dsym";
				ENABLE_NS_ASSERTIONS = NO;
				ENABLE_STRICT_OBJC_MSGSEND = YES;
				ENABLE_USER_SCRIPT_SANDBOXING = YES;
				GCC_C_LANGUAGE_STANDARD = gnu17;
				GCC_NO_COMMON_BLOCKS = YES;
				GCC_WARN_64_TO_32_BIT_CONVERSION = YES;
				GCC_WARN_ABOUT_RETURN_TYPE = YES_ERROR;
				GCC_WARN_UNDECLARED_SELECTOR = YES;
				GCC_WARN_UNINITIALIZED_AUTOS = YES_AGGRESSIVE;
				GCC_WARN_UNUSED_FUNCTION = YES;
				GCC_WARN_UNUSED_VARIABLE = YES;
				LOCALIZATION_PREFERS_STRING_CATALOGS = YES;
				MACOSX_DEPLOYMENT_TARGET = 14.1;
				MTL_ENABLE_DEBUG_INFO = NO;
				MTL_FAST_MATH = YES;
				SDKROOT = macosx;
				SWIFT_COMPILATION_MODE = wholemodule;
			};
			name = Release;
		};
		3500F2CE2C25A16100B71D59 /* Debug */ = {
			isa = XCBuildConfiguration;
			buildSettings = {
				CODE_SIGN_STYLE = Automatic;
				PRODUCT_NAME = "$(TARGET_NAME)";
				SWIFT_VERSION = 5.0;
			};
			name = Debug;
		};
		3500F2CF2C25A16100B71D59 /* Release */ = {
			isa = XCBuildConfiguration;
			buildSettings = {
				CODE_SIGN_STYLE = Automatic;
				PRODUCT_NAME = "$(TARGET_NAME)";
				SWIFT_VERSION = 5.0;
			};
			name = Release;
		};
		3500F2D92C25A1B000B71D59 /* Debug */ = {
			isa = XCBuildConfiguration;
			buildSettings = {
				CODE_SIGN_STYLE = Automatic;
				PRODUCT_NAME = "$(TARGET_NAME)";
				SWIFT_VERSION = 5.0;
			};
			name = Debug;
		};
		3500F2DA2C25A1B000B71D59 /* Release */ = {
			isa = XCBuildConfiguration;
			buildSettings = {
				CODE_SIGN_STYLE = Automatic;
				PRODUCT_NAME = "$(TARGET_NAME)";
				SWIFT_VERSION = 5.0;
			};
			name = Release;
		};
		3500F2E42C25A1C200B71D59 /* Debug */ = {
			isa = XCBuildConfiguration;
			buildSettings = {
				CODE_SIGN_STYLE = Automatic;
				PRODUCT_NAME = "$(TARGET_NAME)";
				SWIFT_VERSION = 5.0;
			};
			name = Debug;
		};
		3500F2E52C25A1C200B71D59 /* Release */ = {
			isa = XCBuildConfiguration;
			buildSettings = {
				CODE_SIGN_STYLE = Automatic;
				PRODUCT_NAME = "$(TARGET_NAME)";
				SWIFT_VERSION = 5.0;
			};
			name = Release;
		};
		359017CC2C2C527100F38074 /* Debug */ = {
			isa = XCBuildConfiguration;
			buildSettings = {
				CODE_SIGN_STYLE = Automatic;
				PRODUCT_NAME = "$(TARGET_NAME)";
				SWIFT_VERSION = 5.0;
			};
			name = Debug;
		};
		359017CD2C2C527100F38074 /* Release */ = {
			isa = XCBuildConfiguration;
			buildSettings = {
				CODE_SIGN_STYLE = Automatic;
				PRODUCT_NAME = "$(TARGET_NAME)";
				SWIFT_VERSION = 5.0;
			};
			name = Release;
		};
		3591EF4F2C2BE19A00D36B87 /* Debug */ = {
			isa = XCBuildConfiguration;
			buildSettings = {
				CODE_SIGN_STYLE = Automatic;
				PRODUCT_NAME = "$(TARGET_NAME)";
				SWIFT_VERSION = 5.0;
			};
			name = Debug;
		};
		3591EF502C2BE19A00D36B87 /* Release */ = {
			isa = XCBuildConfiguration;
			buildSettings = {
				CODE_SIGN_STYLE = Automatic;
				PRODUCT_NAME = "$(TARGET_NAME)";
				SWIFT_VERSION = 5.0;
			};
			name = Release;
		};
/* End XCBuildConfiguration section */

/* Begin XCConfigurationList section */
		3500F2C12C25A16100B71D59 /* Build configuration list for PBXProject "B20-LiveBeispiele" */ = {
			isa = XCConfigurationList;
			buildConfigurations = (
				3500F2CB2C25A16100B71D59 /* Debug */,
				3500F2CC2C25A16100B71D59 /* Release */,
			);
			defaultConfigurationIsVisible = 0;
			defaultConfigurationName = Release;
		};
		3500F2CD2C25A16100B71D59 /* Build configuration list for PBXNativeTarget "B20-LiveBeispiele" */ = {
			isa = XCConfigurationList;
			buildConfigurations = (
				3500F2CE2C25A16100B71D59 /* Debug */,
				3500F2CF2C25A16100B71D59 /* Release */,
			);
			defaultConfigurationIsVisible = 0;
			defaultConfigurationName = Release;
		};
		3500F2D82C25A1B000B71D59 /* Build configuration list for PBXNativeTarget "Woche01" */ = {
			isa = XCConfigurationList;
			buildConfigurations = (
				3500F2D92C25A1B000B71D59 /* Debug */,
				3500F2DA2C25A1B000B71D59 /* Release */,
			);
			defaultConfigurationIsVisible = 0;
			defaultConfigurationName = Release;
		};
		3500F2E32C25A1C200B71D59 /* Build configuration list for PBXNativeTarget "Tag02" */ = {
			isa = XCConfigurationList;
			buildConfigurations = (
				3500F2E42C25A1C200B71D59 /* Debug */,
				3500F2E52C25A1C200B71D59 /* Release */,
			);
			defaultConfigurationIsVisible = 0;
			defaultConfigurationName = Release;
		};
		359017CB2C2C527100F38074 /* Build configuration list for PBXNativeTarget "Tag04" */ = {
			isa = XCConfigurationList;
			buildConfigurations = (
				359017CC2C2C527100F38074 /* Debug */,
				359017CD2C2C527100F38074 /* Release */,
			);
			defaultConfigurationIsVisible = 0;
			defaultConfigurationName = Release;
		};
		3591EF4E2C2BE19A00D36B87 /* Build configuration list for PBXNativeTarget "Tag03" */ = {
			isa = XCConfigurationList;
			buildConfigurations = (
				3591EF4F2C2BE19A00D36B87 /* Debug */,
				3591EF502C2BE19A00D36B87 /* Release */,
			);
			defaultConfigurationIsVisible = 0;
			defaultConfigurationName = Release;
		};
/* End XCConfigurationList section */
	};
	rootObject = 3500F2BE2C25A16100B71D59 /* Project object */;
}
